// !$*UTF8*$!
{
	archiveVersion = 1;
	classes = {
	};
	objectVersion = 50;
	objects = {

/* Begin PBXBuildFile section */
		B5770EF122615E3300FCDFCE /* AppDelegate.swift in Sources */ = {isa = PBXBuildFile; fileRef = B5770EF022615E3300FCDFCE /* AppDelegate.swift */; };
		B5770EF522615E3300FCDFCE /* LaureatesViewController.swift in Sources */ = {isa = PBXBuildFile; fileRef = B5770EF422615E3300FCDFCE /* LaureatesViewController.swift */; };
		B5770EF822615E3300FCDFCE /* Main.storyboard in Resources */ = {isa = PBXBuildFile; fileRef = B5770EF622615E3300FCDFCE /* Main.storyboard */; };
		B5770EFA22615E3400FCDFCE /* Assets.xcassets in Resources */ = {isa = PBXBuildFile; fileRef = B5770EF922615E3400FCDFCE /* Assets.xcassets */; };
		B5770EFD22615E3400FCDFCE /* LaunchScreen.storyboard in Resources */ = {isa = PBXBuildFile; fileRef = B5770EFB22615E3400FCDFCE /* LaunchScreen.storyboard */; };
		B5770F052261625600FCDFCE /* Superheroes.swift in Sources */ = {isa = PBXBuildFile; fileRef = B5770F042261625600FCDFCE /* Superheroes.swift */; };
		B5770F0722616FAF00FCDFCE /* SuperheroesViewController.swift in Sources */ = {isa = PBXBuildFile; fileRef = B5770F0622616FAF00FCDFCE /* SuperheroesViewController.swift */; };
/* End PBXBuildFile section */

/* Begin PBXFileReference section */
		B5770EED22615E3300FCDFCE /* SuperheroesAndLaureates.app */ = {isa = PBXFileReference; explicitFileType = wrapper.application; includeInIndex = 0; path = SuperheroesAndLaureates.app; sourceTree = BUILT_PRODUCTS_DIR; };
		B5770EF022615E3300FCDFCE /* AppDelegate.swift */ = {isa = PBXFileReference; lastKnownFileType = sourcecode.swift; path = AppDelegate.swift; sourceTree = "<group>"; };
		B5770EF422615E3300FCDFCE /* LaureatesViewController.swift */ = {isa = PBXFileReference; lastKnownFileType = sourcecode.swift; path = LaureatesViewController.swift; sourceTree = "<group>"; };
		B5770EF722615E3300FCDFCE /* Base */ = {isa = PBXFileReference; lastKnownFileType = file.storyboard; name = Base; path = Base.lproj/Main.storyboard; sourceTree = "<group>"; };
		B5770EF922615E3400FCDFCE /* Assets.xcassets */ = {isa = PBXFileReference; lastKnownFileType = folder.assetcatalog; path = Assets.xcassets; sourceTree = "<group>"; };
		B5770EFC22615E3400FCDFCE /* Base */ = {isa = PBXFileReference; lastKnownFileType = file.storyboard; name = Base; path = Base.lproj/LaunchScreen.storyboard; sourceTree = "<group>"; };
		B5770EFE22615E3400FCDFCE /* Info.plist */ = {isa = PBXFileReference; lastKnownFileType = text.plist.xml; path = Info.plist; sourceTree = "<group>"; };
		B5770F042261625600FCDFCE /* Superheroes.swift */ = {isa = PBXFileReference; lastKnownFileType = sourcecode.swift; path = Superheroes.swift; sourceTree = "<group>"; };
		B5770F0622616FAF00FCDFCE /* SuperheroesViewController.swift */ = {isa = PBXFileReference; lastKnownFileType = sourcecode.swift; path = SuperheroesViewController.swift; sourceTree = "<group>"; };
/* End PBXFileReference section */

/* Begin PBXFrameworksBuildPhase section */
		B5770EEA22615E3300FCDFCE /* Frameworks */ = {
			isa = PBXFrameworksBuildPhase;
			buildActionMask = 2147483647;
			files = (
			);
			runOnlyForDeploymentPostprocessing = 0;
		};
/* End PBXFrameworksBuildPhase section */

/* Begin PBXGroup section */
		B5770EE422615E3300FCDFCE = {
			isa = PBXGroup;
			children = (
				B5770EEF22615E3300FCDFCE /* SuperheroesAndLaureates */,
				B5770EEE22615E3300FCDFCE /* Products */,
			);
			sourceTree = "<group>";
		};
		B5770EEE22615E3300FCDFCE /* Products */ = {
			isa = PBXGroup;
			children = (
				B5770EED22615E3300FCDFCE /* SuperheroesAndLaureates.app */,
			);
			name = Products;
			sourceTree = "<group>";
		};
		B5770EEF22615E3300FCDFCE /* SuperheroesAndLaureates */ = {
			isa = PBXGroup;
			children = (
				B5770EF022615E3300FCDFCE /* AppDelegate.swift */,
				B5770EF422615E3300FCDFCE /* LaureatesViewController.swift */,
				B5770EF622615E3300FCDFCE /* Main.storyboard */,
				B5770EF922615E3400FCDFCE /* Assets.xcassets */,
				B5770EFB22615E3400FCDFCE /* LaunchScreen.storyboard */,
				B5770EFE22615E3400FCDFCE /* Info.plist */,
				B5770F042261625600FCDFCE /* Superheroes.swift */,
				B5770F0622616FAF00FCDFCE /* SuperheroesViewController.swift */,
			);
			path = SuperheroesAndLaureates;
			sourceTree = "<group>";
		};
/* End PBXGroup section */

/* Begin PBXNativeTarget section */
		B5770EEC22615E3300FCDFCE /* SuperheroesAndLaureates */ = {
			isa = PBXNativeTarget;
			buildConfigurationList = B5770F0122615E3400FCDFCE /* Build configuration list for PBXNativeTarget "SuperheroesAndLaureates" */;
			buildPhases = (
				B5770EE922615E3300FCDFCE /* Sources */,
				B5770EEA22615E3300FCDFCE /* Frameworks */,
				B5770EEB22615E3300FCDFCE /* Resources */,
			);
			buildRules = (
			);
			dependencies = (
			);
			name = SuperheroesAndLaureates;
			productName = SuperheroesAndLaureates;
			productReference = B5770EED22615E3300FCDFCE /* SuperheroesAndLaureates.app */;
			productType = "com.apple.product-type.application";
		};
/* End PBXNativeTarget section */

/* Begin PBXProject section */
		B5770EE522615E3300FCDFCE /* Project object */ = {
			isa = PBXProject;
			attributes = {
				LastSwiftUpdateCheck = 1010;
				LastUpgradeCheck = 1010;
				ORGANIZATIONNAME = "Pannala,Vishal Reddy";
				TargetAttributes = {
					B5770EEC22615E3300FCDFCE = {
						CreatedOnToolsVersion = 10.1;
					};
				};
			};
			buildConfigurationList = B5770EE822615E3300FCDFCE /* Build configuration list for PBXProject "SuperheroesAndLaureates" */;
			compatibilityVersion = "Xcode 9.3";
			developmentRegion = en;
			hasScannedForEncodings = 0;
			knownRegions = (
				en,
				Base,
			);
			mainGroup = B5770EE422615E3300FCDFCE;
			productRefGroup = B5770EEE22615E3300FCDFCE /* Products */;
			projectDirPath = "";
			projectRoot = "";
			targets = (
				B5770EEC22615E3300FCDFCE /* SuperheroesAndLaureates */,
			);
		};
/* End PBXProject section */

/* Begin PBXResourcesBuildPhase section */
		B5770EEB22615E3300FCDFCE /* Resources */ = {
			isa = PBXResourcesBuildPhase;
			buildActionMask = 2147483647;
			files = (
				B5770EFD22615E3400FCDFCE /* LaunchScreen.storyboard in Resources */,
				B5770EFA22615E3400FCDFCE /* Assets.xcassets in Resources */,
				B5770EF822615E3300FCDFCE /* Main.storyboard in Resources */,
			);
			runOnlyForDeploymentPostprocessing = 0;
		};
/* End PBXResourcesBuildPhase section */

/* Begin PBXSourcesBuildPhase section */
		B5770EE922615E3300FCDFCE /* Sources */ = {
			isa = PBXSourcesBuildPhase;
			buildActionMask = 2147483647;
			files = (
				B5770EF522615E3300FCDFCE /* LaureatesViewController.swift in Sources */,
				B5770F052261625600FCDFCE /* Superheroes.swift in Sources */,
				B5770F0722616FAF00FCDFCE /* SuperheroesViewController.swift in Sources */,
				B5770EF122615E3300FCDFCE /* AppDelegate.swift in Sources */,
			);
			runOnlyForDeploymentPostprocessing = 0;
		};
/* End PBXSourcesBuildPhase section */

/* Begin PBXVariantGroup section */
		B5770EF622615E3300FCDFCE /* Main.storyboard */ = {
			isa = PBXVariantGroup;
			children = (
				B5770EF722615E3300FCDFCE /* Base */,
			);
			name = Main.storyboard;
			sourceTree = "<group>";
		};
		B5770EFB22615E3400FCDFCE /* LaunchScreen.storyboard */ = {
			isa = PBXVariantGroup;
			children = (
				B5770EFC22615E3400FCDFCE /* Base */,
			);
			name = LaunchScreen.storyboard;
			sourceTree = "<group>";
		};
/* End PBXVariantGroup section */

/* Begin XCBuildConfiguration section */
		B5770EFF22615E3400FCDFCE /* Debug */ = {
			isa = XCBuildConfiguration;
			buildSettings = {
				ALWAYS_SEARCH_USER_PATHS = NO;
				CLANG_ANALYZER_NONNULL = YES;
				CLANG_ANALYZER_NUMBER_OBJECT_CONVERSION = YES_AGGRESSIVE;
				CLANG_CXX_LANGUAGE_STANDARD = "gnu++14";
				CLANG_CXX_LIBRARY = "libc++";
				CLANG_ENABLE_MODULES = YES;
				CLANG_ENABLE_OBJC_ARC = YES;
				CLANG_ENABLE_OBJC_WEAK = YES;
				CLANG_WARN_BLOCK_CAPTURE_AUTORELEASING = YES;
				CLANG_WARN_BOOL_CONVERSION = YES;
				CLANG_WARN_COMMA = YES;
				CLANG_WARN_CONSTANT_CONVERSION = YES;
				CLANG_WARN_DEPRECATED_OBJC_IMPLEMENTATIONS = YES;
				CLANG_WARN_DIRECT_OBJC_ISA_USAGE = YES_ERROR;
				CLANG_WARN_DOCUMENTATION_COMMENTS = YES;
				CLANG_WARN_EMPTY_BODY = YES;
				CLANG_WARN_ENUM_CONVERSION = YES;
				CLANG_WARN_INFINITE_RECURSION = YES;
				CLANG_WARN_INT_CONVERSION = YES;
				CLANG_WARN_NON_LITERAL_NULL_CONVERSION = YES;
				CLANG_WARN_OBJC_IMPLICIT_RETAIN_SELF = YES;
				CLANG_WARN_OBJC_LITERAL_CONVERSION = YES;
				CLANG_WARN_OBJC_ROOT_CLASS = YES_ERROR;
				CLANG_WARN_RANGE_LOOP_ANALYSIS = YES;
				CLANG_WARN_STRICT_PROTOTYPES = YES;
				CLANG_WARN_SUSPICIOUS_MOVE = YES;
				CLANG_WARN_UNGUARDED_AVAILABILITY = YES_AGGRESSIVE;
				CLANG_WARN_UNREACHABLE_CODE = YES;
				CLANG_WARN__DUPLICATE_METHOD_MATCH = YES;
				CODE_SIGN_IDENTITY = "iPhone Developer";
				COPY_PHASE_STRIP = NO;
				DEBUG_INFORMATION_FORMAT = dwarf;
				ENABLE_STRICT_OBJC_MSGSEND = YES;
				ENABLE_TESTABILITY = YES;
				GCC_C_LANGUAGE_STANDARD = gnu11;
				GCC_DYNAMIC_NO_PIC = NO;
				GCC_NO_COMMON_BLOCKS = YES;
				GCC_OPTIMIZATION_LEVEL = 0;
				GCC_PREPROCESSOR_DEFINITIONS = (
					"DEBUG=1",
					"$(inherited)",
				);
				GCC_WARN_64_TO_32_BIT_CONVERSION = YES;
				GCC_WARN_ABOUT_RETURN_TYPE = YES_ERROR;
				GCC_WARN_UNDECLARED_SELECTOR = YES;
				GCC_WARN_UNINITIALIZED_AUTOS = YES_AGGRESSIVE;
				GCC_WARN_UNUSED_FUNCTION = YES;
				GCC_WARN_UNUSED_VARIABLE = YES;
				IPHONEOS_DEPLOYMENT_TARGET = 12.1;
				MTL_ENABLE_DEBUG_INFO = INCLUDE_SOURCE;
				MTL_FAST_MATH = YES;
				ONLY_ACTIVE_ARCH = YES;
				SDKROOT = iphoneos;
				SWIFT_ACTIVE_COMPILATION_CONDITIONS = DEBUG;
				SWIFT_OPTIMIZATION_LEVEL = "-Onone";
			};
			name = Debug;
		};
		B5770F0022615E3400FCDFCE /* Release */ = {
			isa = XCBuildConfiguration;
			buildSettings = {
				ALWAYS_SEARCH_USER_PATHS = NO;
				CLANG_ANALYZER_NONNULL = YES;
				CLANG_ANALYZER_NUMBER_OBJECT_CONVERSION = YES_AGGRESSIVE;
				CLANG_CXX_LANGUAGE_STANDARD = "gnu++14";
				CLANG_CXX_LIBRARY = "libc++";
				CLANG_ENABLE_MODULES = YES;
				CLANG_ENABLE_OBJC_ARC = YES;
				CLANG_ENABLE_OBJC_WEAK = YES;
				CLANG_WARN_BLOCK_CAPTURE_AUTORELEASING = YES;
				CLANG_WARN_BOOL_CONVERSION = YES;
				CLANG_WARN_COMMA = YES;
				CLANG_WARN_CONSTANT_CONVERSION = YES;
				CLANG_WARN_DEPRECATED_OBJC_IMPLEMENTATIONS = YES;
				CLANG_WARN_DIRECT_OBJC_ISA_USAGE = YES_ERROR;
				CLANG_WARN_DOCUMENTATION_COMMENTS = YES;
				CLANG_WARN_EMPTY_BODY = YES;
				CLANG_WARN_ENUM_CONVERSION = YES;
				CLANG_WARN_INFINITE_RECURSION = YES;
				CLANG_WARN_INT_CONVERSION = YES;
				CLANG_WARN_NON_LITERAL_NULL_CONVERSION = YES;
				CLANG_WARN_OBJC_IMPLICIT_RETAIN_SELF = YES;
				CLANG_WARN_OBJC_LITERAL_CONVERSION = YES;
				CLANG_WARN_OBJC_ROOT_CLASS = YES_ERROR;
				CLANG_WARN_RANGE_LOOP_ANALYSIS = YES;
				CLANG_WARN_STRICT_PROTOTYPES = YES;
				CLANG_WARN_SUSPICIOUS_MOVE = YES;
				CLANG_WARN_UNGUARDED_AVAILABILITY = YES_AGGRESSIVE;
				CLANG_WARN_UNREACHABLE_CODE = YES;
				CLANG_WARN__DUPLICATE_METHOD_MATCH = YES;
				CODE_SIGN_IDENTITY = "iPhone Developer";
				COPY_PHASE_STRIP = NO;
				DEBUG_INFORMATION_FORMAT = "dwarf-with-dsym";
				ENABLE_NS_ASSERTIONS = NO;
				ENABLE_STRICT_OBJC_MSGSEND = YES;
				GCC_C_LANGUAGE_STANDARD = gnu11;
				GCC_NO_COMMON_BLOCKS = YES;
				GCC_WARN_64_TO_32_BIT_CONVERSION = YES;
				GCC_WARN_ABOUT_RETURN_TYPE = YES_ERROR;
				GCC_WARN_UNDECLARED_SELECTOR = YES;
				GCC_WARN_UNINITIALIZED_AUTOS = YES_AGGRESSIVE;
				GCC_WARN_UNUSED_FUNCTION = YES;
				GCC_WARN_UNUSED_VARIABLE = YES;
				IPHONEOS_DEPLOYMENT_TARGET = 12.1;
				MTL_ENABLE_DEBUG_INFO = NO;
				MTL_FAST_MATH = YES;
				SDKROOT = iphoneos;
				SWIFT_COMPILATION_MODE = wholemodule;
				SWIFT_OPTIMIZATION_LEVEL = "-O";
				VALIDATE_PRODUCT = YES;
			};
			name = Release;
		};
		B5770F0222615E3400FCDFCE /* Debug */ = {
			isa = XCBuildConfiguration;
			buildSettings = {
				ASSETCATALOG_COMPILER_APPICON_NAME = AppIcon;
				CODE_SIGN_STYLE = Automatic;
				INFOPLIST_FILE = SuperheroesAndLaureates/Info.plist;
				LD_RUNPATH_SEARCH_PATHS = (
					"$(inherited)",
					"@executable_path/Frameworks",
				);
				PRODUCT_BUNDLE_IDENTIFIER = NWMSU.SuperheroesAndLaureates;
				PRODUCT_NAME = "$(TARGET_NAME)";
				SWIFT_VERSION = 4.2;
				TARGETED_DEVICE_FAMILY = "1,2";
			};
			name = Debug;
		};
		B5770F0322615E3400FCDFCE /* Release */ = {
			isa = XCBuildConfiguration;
			buildSettings = {
				ASSETCATALOG_COMPILER_APPICON_NAME = AppIcon;
				CODE_SIGN_STYLE = Automatic;
				INFOPLIST_FILE = SuperheroesAndLaureates/Info.plist;
				LD_RUNPATH_SEARCH_PATHS = (
					"$(inherited)",
					"@executable_path/Frameworks",
				);
				PRODUCT_BUNDLE_IDENTIFIER = NWMSU.SuperheroesAndLaureates;
				PRODUCT_NAME = "$(TARGET_NAME)";
				SWIFT_VERSION = 4.2;
				TARGETED_DEVICE_FAMILY = "1,2";
			};
			name = Release;
		};
/* End XCBuildConfiguration section */

/* Begin XCConfigurationList section */
		B5770EE822615E3300FCDFCE /* Build configuration list for PBXProject "SuperheroesAndLaureates" */ = {
			isa = XCConfigurationList;
			buildConfigurations = (
				B5770EFF22615E3400FCDFCE /* Debug */,
				B5770F0022615E3400FCDFCE /* Release */,
			);
			defaultConfigurationIsVisible = 0;
			defaultConfigurationName = Release;
		};
		B5770F0122615E3400FCDFCE /* Build configuration list for PBXNativeTarget "SuperheroesAndLaureates" */ = {
			isa = XCConfigurationList;
			buildConfigurations = (
				B5770F0222615E3400FCDFCE /* Debug */,
				B5770F0322615E3400FCDFCE /* Release */,
			);
			defaultConfigurationIsVisible = 0;
			defaultConfigurationName = Release;
		};
/* End XCConfigurationList section */
	};
	rootObject = B5770EE522615E3300FCDFCE /* Project object */;
}
